// !$*UTF8*$!
{
	archiveVersion = 1;
	classes = {
	};
	objectVersion = 56;
	objects = {

/* Begin PBXBuildFile section */
		434C3F6D2B626A2E00E28A46 /* Carousel.swift in Sources */ = {isa = PBXBuildFile; fileRef = 434C3F6C2B626A2E00E28A46 /* Carousel.swift */; };
		4380CA4F2B6CD6C300B2630A /* TaskIcon.swift in Sources */ = {isa = PBXBuildFile; fileRef = 4380CA4E2B6CD6C300B2630A /* TaskIcon.swift */; };
		43975E902B53ADC1008465EE /* SirooApp.swift in Sources */ = {isa = PBXBuildFile; fileRef = 43975E8F2B53ADC1008465EE /* SirooApp.swift */; };
		43975E922B53ADC1008465EE /* ContentView.swift in Sources */ = {isa = PBXBuildFile; fileRef = 43975E912B53ADC1008465EE /* ContentView.swift */; };
		43975E942B53ADC2008465EE /* Assets.xcassets in Resources */ = {isa = PBXBuildFile; fileRef = 43975E932B53ADC2008465EE /* Assets.xcassets */; };
		43975E972B53ADC2008465EE /* Preview Assets.xcassets in Resources */ = {isa = PBXBuildFile; fileRef = 43975E962B53ADC2008465EE /* Preview Assets.xcassets */; };
		4398E6842B58DA09001C6CF4 /* Button.swift in Sources */ = {isa = PBXBuildFile; fileRef = 4398E6832B58DA09001C6CF4 /* Button.swift */; };
		4398E6862B58DAC3001C6CF4 /* TaskViewViewModel.swift in Sources */ = {isa = PBXBuildFile; fileRef = 4398E6852B58DAC3001C6CF4 /* TaskViewViewModel.swift */; };
		4398E6882B58EA55001C6CF4 /* Text.swift in Sources */ = {isa = PBXBuildFile; fileRef = 4398E6872B58EA55001C6CF4 /* Text.swift */; };
		4398E68B2B58F0BA001C6CF4 /* formatTime.swift in Sources */ = {isa = PBXBuildFile; fileRef = 4398E68A2B58F0BA001C6CF4 /* formatTime.swift */; };
		43C093B92B60E25B00B60165 /* TaskItemView.swift in Sources */ = {isa = PBXBuildFile; fileRef = 43C093B82B60E25B00B60165 /* TaskItemView.swift */; };
		43C093BD2B60F67900B60165 /* TaskItem.swift in Sources */ = {isa = PBXBuildFile; fileRef = 43C093BC2B60F67900B60165 /* TaskItem.swift */; };
		43D2D3D62B6B3D1500554546 /* TaskModalView.swift in Sources */ = {isa = PBXBuildFile; fileRef = 43D2D3D52B6B3D1500554546 /* TaskModalView.swift */; };
		43D2D3D82B6B3F2A00554546 /* Grabbar.swift in Sources */ = {isa = PBXBuildFile; fileRef = 43D2D3D72B6B3F2A00554546 /* Grabbar.swift */; };
		43E9FCF52B53B5D300DB89E7 /* TaskView.swift in Sources */ = {isa = PBXBuildFile; fileRef = 43E9FCF42B53B5D300DB89E7 /* TaskView.swift */; };
		43E9FCF72B53B61E00DB89E7 /* TaskStatusView.swift in Sources */ = {isa = PBXBuildFile; fileRef = 43E9FCF62B53B61E00DB89E7 /* TaskStatusView.swift */; };
/* End PBXBuildFile section */

/* Begin PBXFileReference section */
		434C3F6C2B626A2E00E28A46 /* Carousel.swift */ = {isa = PBXFileReference; lastKnownFileType = sourcecode.swift; path = Carousel.swift; sourceTree = "<group>"; };
		4380CA4E2B6CD6C300B2630A /* TaskIcon.swift */ = {isa = PBXFileReference; lastKnownFileType = sourcecode.swift; path = TaskIcon.swift; sourceTree = "<group>"; };
		43975E8C2B53ADC1008465EE /* Siroo.app */ = {isa = PBXFileReference; explicitFileType = wrapper.application; includeInIndex = 0; path = Siroo.app; sourceTree = BUILT_PRODUCTS_DIR; };
		43975E8F2B53ADC1008465EE /* SirooApp.swift */ = {isa = PBXFileReference; lastKnownFileType = sourcecode.swift; path = SirooApp.swift; sourceTree = "<group>"; };
		43975E912B53ADC1008465EE /* ContentView.swift */ = {isa = PBXFileReference; lastKnownFileType = sourcecode.swift; path = ContentView.swift; sourceTree = "<group>"; };
		43975E932B53ADC2008465EE /* Assets.xcassets */ = {isa = PBXFileReference; lastKnownFileType = folder.assetcatalog; path = Assets.xcassets; sourceTree = "<group>"; };
		43975E962B53ADC2008465EE /* Preview Assets.xcassets */ = {isa = PBXFileReference; lastKnownFileType = folder.assetcatalog; path = "Preview Assets.xcassets"; sourceTree = "<group>"; };
		4398E6832B58DA09001C6CF4 /* Button.swift */ = {isa = PBXFileReference; lastKnownFileType = sourcecode.swift; path = Button.swift; sourceTree = "<group>"; };
		4398E6852B58DAC3001C6CF4 /* TaskViewViewModel.swift */ = {isa = PBXFileReference; lastKnownFileType = sourcecode.swift; path = TaskViewViewModel.swift; sourceTree = "<group>"; };
		4398E6872B58EA55001C6CF4 /* Text.swift */ = {isa = PBXFileReference; lastKnownFileType = sourcecode.swift; path = Text.swift; sourceTree = "<group>"; };
		4398E68A2B58F0BA001C6CF4 /* formatTime.swift */ = {isa = PBXFileReference; lastKnownFileType = sourcecode.swift; path = formatTime.swift; sourceTree = "<group>"; };
		43C093B82B60E25B00B60165 /* TaskItemView.swift */ = {isa = PBXFileReference; lastKnownFileType = sourcecode.swift; path = TaskItemView.swift; sourceTree = "<group>"; };
		43C093BC2B60F67900B60165 /* TaskItem.swift */ = {isa = PBXFileReference; lastKnownFileType = sourcecode.swift; path = TaskItem.swift; sourceTree = "<group>"; };
		43D2D3D52B6B3D1500554546 /* TaskModalView.swift */ = {isa = PBXFileReference; lastKnownFileType = sourcecode.swift; path = TaskModalView.swift; sourceTree = "<group>"; };
		43D2D3D72B6B3F2A00554546 /* Grabbar.swift */ = {isa = PBXFileReference; lastKnownFileType = sourcecode.swift; path = Grabbar.swift; sourceTree = "<group>"; };
		43E9FCF42B53B5D300DB89E7 /* TaskView.swift */ = {isa = PBXFileReference; lastKnownFileType = sourcecode.swift; path = TaskView.swift; sourceTree = "<group>"; };
		43E9FCF62B53B61E00DB89E7 /* TaskStatusView.swift */ = {isa = PBXFileReference; lastKnownFileType = sourcecode.swift; path = TaskStatusView.swift; sourceTree = "<group>"; };
/* End PBXFileReference section */

/* Begin PBXFrameworksBuildPhase section */
		43975E892B53ADC1008465EE /* Frameworks */ = {
			isa = PBXFrameworksBuildPhase;
			buildActionMask = 2147483647;
			files = (
			);
			runOnlyForDeploymentPostprocessing = 0;
		};
/* End PBXFrameworksBuildPhase section */

/* Begin PBXGroup section */
		43975E832B53ADC1008465EE = {
			isa = PBXGroup;
			children = (
				43975E8E2B53ADC1008465EE /* Siroo */,
				43975E8D2B53ADC1008465EE /* Products */,
			);
			sourceTree = "<group>";
		};
		43975E8D2B53ADC1008465EE /* Products */ = {
			isa = PBXGroup;
			children = (
				43975E8C2B53ADC1008465EE /* Siroo.app */,
			);
			name = Products;
			sourceTree = "<group>";
		};
		43975E8E2B53ADC1008465EE /* Siroo */ = {
			isa = PBXGroup;
			children = (
				4398E6892B58F0A3001C6CF4 /* Utilities */,
				43975EA02B53B144008465EE /* Resources */,
				43975E9F2B53B133008465EE /* ViewModels */,
				43975E9E2B53B106008465EE /* Views */,
				43975E9D2B53B0F8008465EE /* Models */,
				43975E8F2B53ADC1008465EE /* SirooApp.swift */,
				43975E912B53ADC1008465EE /* ContentView.swift */,
				43975E952B53ADC2008465EE /* Preview Content */,
			);
			path = Siroo;
			sourceTree = "<group>";
		};
		43975E952B53ADC2008465EE /* Preview Content */ = {
			isa = PBXGroup;
			children = (
				43975E962B53ADC2008465EE /* Preview Assets.xcassets */,
			);
			path = "Preview Content";
			sourceTree = "<group>";
		};
		43975E9D2B53B0F8008465EE /* Models */ = {
			isa = PBXGroup;
			children = (
				43C093BC2B60F67900B60165 /* TaskItem.swift */,
				4380CA4E2B6CD6C300B2630A /* TaskIcon.swift */,
			);
			path = Models;
			sourceTree = "<group>";
		};
		43975E9E2B53B106008465EE /* Views */ = {
			isa = PBXGroup;
			children = (
				4398E6822B58D9D6001C6CF4 /* components */,
				43C093B72B60E20700B60165 /* Task */,
				43E9FCF62B53B61E00DB89E7 /* TaskStatusView.swift */,
			);
			path = Views;
			sourceTree = "<group>";
		};
		43975E9F2B53B133008465EE /* ViewModels */ = {
			isa = PBXGroup;
			children = (
				4398E6852B58DAC3001C6CF4 /* TaskViewViewModel.swift */,
			);
			path = ViewModels;
			sourceTree = "<group>";
		};
		43975EA02B53B144008465EE /* Resources */ = {
			isa = PBXGroup;
			children = (
				43975E932B53ADC2008465EE /* Assets.xcassets */,
			);
			path = Resources;
			sourceTree = "<group>";
		};
		4398E6822B58D9D6001C6CF4 /* components */ = {
			isa = PBXGroup;
			children = (
				4398E6832B58DA09001C6CF4 /* Button.swift */,
				4398E6872B58EA55001C6CF4 /* Text.swift */,
				434C3F6C2B626A2E00E28A46 /* Carousel.swift */,
				43D2D3D72B6B3F2A00554546 /* Grabbar.swift */,
			);
			path = components;
			sourceTree = "<group>";
		};
		4398E6892B58F0A3001C6CF4 /* Utilities */ = {
			isa = PBXGroup;
			children = (
				4398E68A2B58F0BA001C6CF4 /* formatTime.swift */,
			);
			path = Utilities;
			sourceTree = "<group>";
		};
		43C093B72B60E20700B60165 /* Task */ = {
			isa = PBXGroup;
			children = (
				43E9FCF42B53B5D300DB89E7 /* TaskView.swift */,
				43C093B82B60E25B00B60165 /* TaskItemView.swift */,
				43D2D3D52B6B3D1500554546 /* TaskModalView.swift */,
			);
			path = Task;
			sourceTree = "<group>";
		};
/* End PBXGroup section */

/* Begin PBXNativeTarget section */
		43975E8B2B53ADC1008465EE /* Siroo */ = {
			isa = PBXNativeTarget;
			buildConfigurationList = 43975E9A2B53ADC2008465EE /* Build configuration list for PBXNativeTarget "Siroo" */;
			buildPhases = (
				43975E882B53ADC1008465EE /* Sources */,
				43975E892B53ADC1008465EE /* Frameworks */,
				43975E8A2B53ADC1008465EE /* Resources */,
			);
			buildRules = (
			);
			dependencies = (
			);
			name = Siroo;
			productName = Siroo;
			productReference = 43975E8C2B53ADC1008465EE /* Siroo.app */;
			productType = "com.apple.product-type.application";
		};
/* End PBXNativeTarget section */

/* Begin PBXProject section */
		43975E842B53ADC1008465EE /* Project object */ = {
			isa = PBXProject;
			attributes = {
				BuildIndependentTargetsInParallel = 1;
				LastSwiftUpdateCheck = 1510;
				LastUpgradeCheck = 1510;
				TargetAttributes = {
					43975E8B2B53ADC1008465EE = {
						CreatedOnToolsVersion = 15.1;
					};
				};
			};
			buildConfigurationList = 43975E872B53ADC1008465EE /* Build configuration list for PBXProject "Siroo" */;
			compatibilityVersion = "Xcode 14.0";
			developmentRegion = en;
			hasScannedForEncodings = 0;
			knownRegions = (
				en,
				Base,
			);
			mainGroup = 43975E832B53ADC1008465EE;
			productRefGroup = 43975E8D2B53ADC1008465EE /* Products */;
			projectDirPath = "";
			projectRoot = "";
			targets = (
				43975E8B2B53ADC1008465EE /* Siroo */,
			);
		};
/* End PBXProject section */

/* Begin PBXResourcesBuildPhase section */
		43975E8A2B53ADC1008465EE /* Resources */ = {
			isa = PBXResourcesBuildPhase;
			buildActionMask = 2147483647;
			files = (
				43975E972B53ADC2008465EE /* Preview Assets.xcassets in Resources */,
				43975E942B53ADC2008465EE /* Assets.xcassets in Resources */,
			);
			runOnlyForDeploymentPostprocessing = 0;
		};
/* End PBXResourcesBuildPhase section */

/* Begin PBXSourcesBuildPhase section */
		43975E882B53ADC1008465EE /* Sources */ = {
			isa = PBXSourcesBuildPhase;
			buildActionMask = 2147483647;
			files = (
				4398E6862B58DAC3001C6CF4 /* TaskViewViewModel.swift in Sources */,
				43C093B92B60E25B00B60165 /* TaskItemView.swift in Sources */,
				434C3F6D2B626A2E00E28A46 /* Carousel.swift in Sources */,
				4398E6842B58DA09001C6CF4 /* Button.swift in Sources */,
				43975E922B53ADC1008465EE /* ContentView.swift in Sources */,
				4380CA4F2B6CD6C300B2630A /* TaskIcon.swift in Sources */,
				43D2D3D62B6B3D1500554546 /* TaskModalView.swift in Sources */,
				4398E68B2B58F0BA001C6CF4 /* formatTime.swift in Sources */,
				43C093BD2B60F67900B60165 /* TaskItem.swift in Sources */,
				43E9FCF72B53B61E00DB89E7 /* TaskStatusView.swift in Sources */,
				43E9FCF52B53B5D300DB89E7 /* TaskView.swift in Sources */,
				43D2D3D82B6B3F2A00554546 /* Grabbar.swift in Sources */,
				4398E6882B58EA55001C6CF4 /* Text.swift in Sources */,
				43975E902B53ADC1008465EE /* SirooApp.swift in Sources */,
			);
			runOnlyForDeploymentPostprocessing = 0;
		};
/* End PBXSourcesBuildPhase section */

/* Begin XCBuildConfiguration section */
		43975E982B53ADC2008465EE /* Debug */ = {
			isa = XCBuildConfiguration;
			buildSettings = {
				ALWAYS_SEARCH_USER_PATHS = NO;
				ASSETCATALOG_COMPILER_GENERATE_SWIFT_ASSET_SYMBOL_EXTENSIONS = YES;
				CLANG_ANALYZER_NONNULL = YES;
				CLANG_ANALYZER_NUMBER_OBJECT_CONVERSION = YES_AGGRESSIVE;
				CLANG_CXX_LANGUAGE_STANDARD = "gnu++20";
				CLANG_ENABLE_MODULES = YES;
				CLANG_ENABLE_OBJC_ARC = YES;
				CLANG_ENABLE_OBJC_WEAK = YES;
				CLANG_WARN_BLOCK_CAPTURE_AUTORELEASING = YES;
				CLANG_WARN_BOOL_CONVERSION = YES;
				CLANG_WARN_COMMA = YES;
				CLANG_WARN_CONSTANT_CONVERSION = YES;
				CLANG_WARN_DEPRECATED_OBJC_IMPLEMENTATIONS = YES;
				CLANG_WARN_DIRECT_OBJC_ISA_USAGE = YES_ERROR;
				CLANG_WARN_DOCUMENTATION_COMMENTS = YES;
				CLANG_WARN_EMPTY_BODY = YES;
				CLANG_WARN_ENUM_CONVERSION = YES;
				CLANG_WARN_INFINITE_RECURSION = YES;
				CLANG_WARN_INT_CONVERSION = YES;
				CLANG_WARN_NON_LITERAL_NULL_CONVERSION = YES;
				CLANG_WARN_OBJC_IMPLICIT_RETAIN_SELF = YES;
				CLANG_WARN_OBJC_LITERAL_CONVERSION = YES;
				CLANG_WARN_OBJC_ROOT_CLASS = YES_ERROR;
				CLANG_WARN_QUOTED_INCLUDE_IN_FRAMEWORK_HEADER = YES;
				CLANG_WARN_RANGE_LOOP_ANALYSIS = YES;
				CLANG_WARN_STRICT_PROTOTYPES = YES;
				CLANG_WARN_SUSPICIOUS_MOVE = YES;
				CLANG_WARN_UNGUARDED_AVAILABILITY = YES_AGGRESSIVE;
				CLANG_WARN_UNREACHABLE_CODE = YES;
				CLANG_WARN__DUPLICATE_METHOD_MATCH = YES;
				COPY_PHASE_STRIP = NO;
				DEBUG_INFORMATION_FORMAT = dwarf;
				ENABLE_STRICT_OBJC_MSGSEND = YES;
				ENABLE_TESTABILITY = YES;
				ENABLE_USER_SCRIPT_SANDBOXING = YES;
				GCC_C_LANGUAGE_STANDARD = gnu17;
				GCC_DYNAMIC_NO_PIC = NO;
				GCC_NO_COMMON_BLOCKS = YES;
				GCC_OPTIMIZATION_LEVEL = 0;
				GCC_PREPROCESSOR_DEFINITIONS = (
					"DEBUG=1",
					"$(inherited)",
				);
				GCC_WARN_64_TO_32_BIT_CONVERSION = YES;
				GCC_WARN_ABOUT_RETURN_TYPE = YES_ERROR;
				GCC_WARN_UNDECLARED_SELECTOR = YES;
				GCC_WARN_UNINITIALIZED_AUTOS = YES_AGGRESSIVE;
				GCC_WARN_UNUSED_FUNCTION = YES;
				GCC_WARN_UNUSED_VARIABLE = YES;
				IPHONEOS_DEPLOYMENT_TARGET = 17.2;
				LOCALIZATION_PREFERS_STRING_CATALOGS = YES;
				MTL_ENABLE_DEBUG_INFO = INCLUDE_SOURCE;
				MTL_FAST_MATH = YES;
				ONLY_ACTIVE_ARCH = YES;
				SDKROOT = iphoneos;
				SWIFT_ACTIVE_COMPILATION_CONDITIONS = "DEBUG $(inherited)";
				SWIFT_OPTIMIZATION_LEVEL = "-Onone";
			};
			name = Debug;
		};
		43975E992B53ADC2008465EE /* Release */ = {
			isa = XCBuildConfiguration;
			buildSettings = {
				ALWAYS_SEARCH_USER_PATHS = NO;
				ASSETCATALOG_COMPILER_GENERATE_SWIFT_ASSET_SYMBOL_EXTENSIONS = YES;
				CLANG_ANALYZER_NONNULL = YES;
				CLANG_ANALYZER_NUMBER_OBJECT_CONVERSION = YES_AGGRESSIVE;
				CLANG_CXX_LANGUAGE_STANDARD = "gnu++20";
				CLANG_ENABLE_MODULES = YES;
				CLANG_ENABLE_OBJC_ARC = YES;
				CLANG_ENABLE_OBJC_WEAK = YES;
				CLANG_WARN_BLOCK_CAPTURE_AUTORELEASING = YES;
				CLANG_WARN_BOOL_CONVERSION = YES;
				CLANG_WARN_COMMA = YES;
				CLANG_WARN_CONSTANT_CONVERSION = YES;
				CLANG_WARN_DEPRECATED_OBJC_IMPLEMENTATIONS = YES;
				CLANG_WARN_DIRECT_OBJC_ISA_USAGE = YES_ERROR;
				CLANG_WARN_DOCUMENTATION_COMMENTS = YES;
				CLANG_WARN_EMPTY_BODY = YES;
				CLANG_WARN_ENUM_CONVERSION = YES;
				CLANG_WARN_INFINITE_RECURSION = YES;
				CLANG_WARN_INT_CONVERSION = YES;
				CLANG_WARN_NON_LITERAL_NULL_CONVERSION = YES;
				CLANG_WARN_OBJC_IMPLICIT_RETAIN_SELF = YES;
				CLANG_WARN_OBJC_LITERAL_CONVERSION = YES;
				CLANG_WARN_OBJC_ROOT_CLASS = YES_ERROR;
				CLANG_WARN_QUOTED_INCLUDE_IN_FRAMEWORK_HEADER = YES;
				CLANG_WARN_RANGE_LOOP_ANALYSIS = YES;
				CLANG_WARN_STRICT_PROTOTYPES = YES;
				CLANG_WARN_SUSPICIOUS_MOVE = YES;
				CLANG_WARN_UNGUARDED_AVAILABILITY = YES_AGGRESSIVE;
				CLANG_WARN_UNREACHABLE_CODE = YES;
				CLANG_WARN__DUPLICATE_METHOD_MATCH = YES;
				COPY_PHASE_STRIP = NO;
				DEBUG_INFORMATION_FORMAT = "dwarf-with-dsym";
				ENABLE_NS_ASSERTIONS = NO;
				ENABLE_STRICT_OBJC_MSGSEND = YES;
				ENABLE_USER_SCRIPT_SANDBOXING = YES;
				GCC_C_LANGUAGE_STANDARD = gnu17;
				GCC_NO_COMMON_BLOCKS = YES;
				GCC_WARN_64_TO_32_BIT_CONVERSION = YES;
				GCC_WARN_ABOUT_RETURN_TYPE = YES_ERROR;
				GCC_WARN_UNDECLARED_SELECTOR = YES;
				GCC_WARN_UNINITIALIZED_AUTOS = YES_AGGRESSIVE;
				GCC_WARN_UNUSED_FUNCTION = YES;
				GCC_WARN_UNUSED_VARIABLE = YES;
				IPHONEOS_DEPLOYMENT_TARGET = 17.2;
				LOCALIZATION_PREFERS_STRING_CATALOGS = YES;
				MTL_ENABLE_DEBUG_INFO = NO;
				MTL_FAST_MATH = YES;
				SDKROOT = iphoneos;
				SWIFT_COMPILATION_MODE = wholemodule;
				VALIDATE_PRODUCT = YES;
			};
			name = Release;
		};
		43975E9B2B53ADC2008465EE /* Debug */ = {
			isa = XCBuildConfiguration;
			buildSettings = {
				ASSETCATALOG_COMPILER_APPICON_NAME = AppIcon;
				ASSETCATALOG_COMPILER_GLOBAL_ACCENT_COLOR_NAME = AccentColor;
				CODE_SIGN_STYLE = Automatic;
				CURRENT_PROJECT_VERSION = 1;
				DEVELOPMENT_ASSET_PATHS = "\"Siroo/Preview Content\"";
				DEVELOPMENT_TEAM = 8G9LPQ5X7A;
				ENABLE_PREVIEWS = YES;
				GENERATE_INFOPLIST_FILE = YES;
				INFOPLIST_KEY_UIApplicationSceneManifest_Generation = YES;
				INFOPLIST_KEY_UIApplicationSupportsIndirectInputEvents = YES;
				INFOPLIST_KEY_UILaunchScreen_Generation = YES;
				INFOPLIST_KEY_UISupportedInterfaceOrientations_iPad = "UIInterfaceOrientationPortrait UIInterfaceOrientationPortraitUpsideDown UIInterfaceOrientationLandscapeLeft UIInterfaceOrientationLandscapeRight";
				INFOPLIST_KEY_UISupportedInterfaceOrientations_iPhone = "UIInterfaceOrientationPortrait UIInterfaceOrientationLandscapeLeft UIInterfaceOrientationLandscapeRight";
				LD_RUNPATH_SEARCH_PATHS = (
					"$(inherited)",
					"@executable_path/Frameworks",
				);
				MARKETING_VERSION = 1.0;
				PRODUCT_BUNDLE_IDENTIFIER = com.jeongbaebang.Siroo;
				PRODUCT_NAME = "$(TARGET_NAME)";
				SWIFT_EMIT_LOC_STRINGS = YES;
				SWIFT_VERSION = 5.0;
				TARGETED_DEVICE_FAMILY = "1,2";
			};
			name = Debug;
		};
		43975E9C2B53ADC2008465EE /* Release */ = {
			isa = XCBuildConfiguration;
			buildSettings = {
				ASSETCATALOG_COMPILER_APPICON_NAME = AppIcon;
				ASSETCATALOG_COMPILER_GLOBAL_ACCENT_COLOR_NAME = AccentColor;
				CODE_SIGN_STYLE = Automatic;
				CURRENT_PROJECT_VERSION = 1;
				DEVELOPMENT_ASSET_PATHS = "\"Siroo/Preview Content\"";
				DEVELOPMENT_TEAM = 8G9LPQ5X7A;
				ENABLE_PREVIEWS = YES;
				GENERATE_INFOPLIST_FILE = YES;
				INFOPLIST_KEY_UIApplicationSceneManifest_Generation = YES;
				INFOPLIST_KEY_UIApplicationSupportsIndirectInputEvents = YES;
				INFOPLIST_KEY_UILaunchScreen_Generation = YES;
				INFOPLIST_KEY_UISupportedInterfaceOrientations_iPad = "UIInterfaceOrientationPortrait UIInterfaceOrientationPortraitUpsideDown UIInterfaceOrientationLandscapeLeft UIInterfaceOrientationLandscapeRight";
				INFOPLIST_KEY_UISupportedInterfaceOrientations_iPhone = "UIInterfaceOrientationPortrait UIInterfaceOrientationLandscapeLeft UIInterfaceOrientationLandscapeRight";
				LD_RUNPATH_SEARCH_PATHS = (
					"$(inherited)",
					"@executable_path/Frameworks",
				);
				MARKETING_VERSION = 1.0;
				PRODUCT_BUNDLE_IDENTIFIER = com.jeongbaebang.Siroo;
				PRODUCT_NAME = "$(TARGET_NAME)";
				SWIFT_EMIT_LOC_STRINGS = YES;
				SWIFT_VERSION = 5.0;
				TARGETED_DEVICE_FAMILY = "1,2";
			};
			name = Release;
		};
/* End XCBuildConfiguration section */

/* Begin XCConfigurationList section */
		43975E872B53ADC1008465EE /* Build configuration list for PBXProject "Siroo" */ = {
			isa = XCConfigurationList;
			buildConfigurations = (
				43975E982B53ADC2008465EE /* Debug */,
				43975E992B53ADC2008465EE /* Release */,
			);
			defaultConfigurationIsVisible = 0;
			defaultConfigurationName = Release;
		};
		43975E9A2B53ADC2008465EE /* Build configuration list for PBXNativeTarget "Siroo" */ = {
			isa = XCConfigurationList;
			buildConfigurations = (
				43975E9B2B53ADC2008465EE /* Debug */,
				43975E9C2B53ADC2008465EE /* Release */,
			);
			defaultConfigurationIsVisible = 0;
			defaultConfigurationName = Release;
		};
/* End XCConfigurationList section */
	};
	rootObject = 43975E842B53ADC1008465EE /* Project object */;
}
